# This file is automatically @generated by Wally.
# It is not intended for manual editing.
registry = "test"

[[package]]
name = "evaera/promise"
version = "4.0.0"
dependencies = []

[[package]]
name = "unknown91248/testpackage"
version = "0.2.5"
dependencies = [["promise", "evaera/promise@4.0.0"]]
